
Microsoft Visual Studio Solution File, Format Version 12.00
# Visual Studio Version 17
VisualStudioVersion = 17.0.32112.339
MinimumVisualStudioVersion = 10.0.40219.1
Project("{9A19103F-16F7-4668-BE54-9A1E7A4F7556}") = "Knab.Exchange.Api", "Knab.Exchange.Api\Knab.Exchange.Api.csproj", "{F53AC6CB-A62C-4E3A-871A-39D66CEAABE8}"
EndProject
Project("{9A19103F-16F7-4668-BE54-9A1E7A4F7556}") = "Knab.Exchange.CoinMarketCap.ApiClient", "Knab.Exchange.CoinMarketCap.ApiClient\Knab.Exchange.CoinMarketCap.ApiClient.csproj", "{CEA095D2-27BC-476E-9B20-BE5EAB84032B}"
EndProject
Project("{9A19103F-16F7-4668-BE54-9A1E7A4F7556}") = "Knab.Exchange.Exchangerates.ApiClient", "Knab.Exchange.Exchangerates.ApiClient\Knab.Exchange.Exchangerates.ApiClient.csproj", "{04F51902-4E86-4344-8863-E2E5E9A9B43D}"
EndProject
Project("{9A19103F-16F7-4668-BE54-9A1E7A4F7556}") = "Knab.Exchange.Core", "Knab.Exchange.Core\Knab.Exchange.Core.csproj", "{44C80867-297A-4632-A43A-08D01314351E}"
EndProject
Project("{9A19103F-16F7-4668-BE54-9A1E7A4F7556}") = "Knab.Exchange.Exchangerates.ApiClient.UnitTest", "Knab.Exchange.Exchangerates.ApiClient.UnitTest\Knab.Exchange.Exchangerates.ApiClient.UnitTest.csproj", "{D98B6757-B2FF-4A38-95EB-49CFBB1D08F0}"
EndProject
Project("{9A19103F-16F7-4668-BE54-9A1E7A4F7556}") = "Knab.Exchange.Exchangerates.ApiClient.IntegrationTest", "Knab.Exchange.Exchangerates.ApiClient.IntegrationTest\Knab.Exchange.Exchangerates.ApiClient.IntegrationTest.csproj", "{9ED76AC4-7528-4631-8C3B-0008B0B92BA9}"
EndProject
Project("{2150E333-8FDC-42A3-9474-1A3956D46DE8}") = "Tests", "Tests", "{B6EFB900-EDB8-4507-8401-52EB8287677A}"
EndProject
Project("{FAE04EC0-301F-11D3-BF4B-00C04F79EFBC}") = "Knab.Exchange.CoinMarketCap.ApiClient.UnitTest", "Knab.Exchange.CoinMarketCap.ApiClient.UnitTest\Knab.Exchange.CoinMarketCap.ApiClient.UnitTest.csproj", "{1C28F71A-639C-48DC-93FF-D5D69B3CA01C}"
EndProject
Project("{FAE04EC0-301F-11D3-BF4B-00C04F79EFBC}") = "Knab.Exchange.CoinMarketCap.ApiClient.IntegrationTest", "Knab.Exchange.CoinMarketCap.ApiClient.IntegrationTest\Knab.Exchange.CoinMarketCap.ApiClient.IntegrationTest.csproj", "{E68E1949-956B-41A7-A6A9-81E225895F61}"
EndProject
Project("{FAE04EC0-301F-11D3-BF4B-00C04F79EFBC}") = "Knab.Exchange.Api.UnitTest", "Knab.Exchange.Api.UnitTest\Knab.Exchange.Api.UnitTest.csproj", "{444932BE-0579-4FA8-A955-485283998FE3}"
EndProject
Global
	GlobalSection(SolutionConfigurationPlatforms) = preSolution
		Debug|Any CPU = Debug|Any CPU
		Release|Any CPU = Release|Any CPU
	EndGlobalSection
	GlobalSection(ProjectConfigurationPlatforms) = postSolution
		{F53AC6CB-A62C-4E3A-871A-39D66CEAABE8}.Debug|Any CPU.ActiveCfg = Debug|Any CPU
		{F53AC6CB-A62C-4E3A-871A-39D66CEAABE8}.Debug|Any CPU.Build.0 = Debug|Any CPU
		{F53AC6CB-A62C-4E3A-871A-39D66CEAABE8}.Release|Any CPU.ActiveCfg = Release|Any CPU
		{F53AC6CB-A62C-4E3A-871A-39D66CEAABE8}.Release|Any CPU.Build.0 = Release|Any CPU
		{CEA095D2-27BC-476E-9B20-BE5EAB84032B}.Debug|Any CPU.ActiveCfg = Debug|Any CPU
		{CEA095D2-27BC-476E-9B20-BE5EAB84032B}.Debug|Any CPU.Build.0 = Debug|Any CPU
		{CEA095D2-27BC-476E-9B20-BE5EAB84032B}.Release|Any CPU.ActiveCfg = Release|Any CPU
		{CEA095D2-27BC-476E-9B20-BE5EAB84032B}.Release|Any CPU.Build.0 = Release|Any CPU
		{04F51902-4E86-4344-8863-E2E5E9A9B43D}.Debug|Any CPU.ActiveCfg = Debug|Any CPU
		{04F51902-4E86-4344-8863-E2E5E9A9B43D}.Debug|Any CPU.Build.0 = Debug|Any CPU
		{04F51902-4E86-4344-8863-E2E5E9A9B43D}.Release|Any CPU.ActiveCfg = Release|Any CPU
		{04F51902-4E86-4344-8863-E2E5E9A9B43D}.Release|Any CPU.Build.0 = Release|Any CPU
		{44C80867-297A-4632-A43A-08D01314351E}.Debug|Any CPU.ActiveCfg = Debug|Any CPU
		{44C80867-297A-4632-A43A-08D01314351E}.Debug|Any CPU.Build.0 = Debug|Any CPU
		{44C80867-297A-4632-A43A-08D01314351E}.Release|Any CPU.ActiveCfg = Release|Any CPU
		{44C80867-297A-4632-A43A-08D01314351E}.Release|Any CPU.Build.0 = Release|Any CPU
		{D98B6757-B2FF-4A38-95EB-49CFBB1D08F0}.Debug|Any CPU.ActiveCfg = Debug|Any CPU
		{D98B6757-B2FF-4A38-95EB-49CFBB1D08F0}.Debug|Any CPU.Build.0 = Debug|Any CPU
		{D98B6757-B2FF-4A38-95EB-49CFBB1D08F0}.Release|Any CPU.ActiveCfg = Release|Any CPU
		{D98B6757-B2FF-4A38-95EB-49CFBB1D08F0}.Release|Any CPU.Build.0 = Release|Any CPU
		{9ED76AC4-7528-4631-8C3B-0008B0B92BA9}.Debug|Any CPU.ActiveCfg = Debug|Any CPU
		{9ED76AC4-7528-4631-8C3B-0008B0B92BA9}.Debug|Any CPU.Build.0 = Debug|Any CPU
		{9ED76AC4-7528-4631-8C3B-0008B0B92BA9}.Release|Any CPU.ActiveCfg = Release|Any CPU
		{9ED76AC4-7528-4631-8C3B-0008B0B92BA9}.Release|Any CPU.Build.0 = Release|Any CPU
		{1C28F71A-639C-48DC-93FF-D5D69B3CA01C}.Debug|Any CPU.ActiveCfg = Debug|Any CPU
		{1C28F71A-639C-48DC-93FF-D5D69B3CA01C}.Debug|Any CPU.Build.0 = Debug|Any CPU
		{1C28F71A-639C-48DC-93FF-D5D69B3CA01C}.Release|Any CPU.ActiveCfg = Release|Any CPU
		{1C28F71A-639C-48DC-93FF-D5D69B3CA01C}.Release|Any CPU.Build.0 = Release|Any CPU
		{E68E1949-956B-41A7-A6A9-81E225895F61}.Debug|Any CPU.ActiveCfg = Debug|Any CPU
		{E68E1949-956B-41A7-A6A9-81E225895F61}.Debug|Any CPU.Build.0 = Debug|Any CPU
		{E68E1949-956B-41A7-A6A9-81E225895F61}.Release|Any CPU.ActiveCfg = Release|Any CPU
		{E68E1949-956B-41A7-A6A9-81E225895F61}.Release|Any CPU.Build.0 = Release|Any CPU
		{444932BE-0579-4FA8-A955-485283998FE3}.Debug|Any CPU.ActiveCfg = Debug|Any CPU
		{444932BE-0579-4FA8-A955-485283998FE3}.Debug|Any CPU.Build.0 = Debug|Any CPU
		{444932BE-0579-4FA8-A955-485283998FE3}.Release|Any CPU.ActiveCfg = Release|Any CPU
		{444932BE-0579-4FA8-A955-485283998FE3}.Release|Any CPU.Build.0 = Release|Any CPU
	EndGlobalSection
	GlobalSection(SolutionProperties) = preSolution
		HideSolutionNode = FALSE
	EndGlobalSection
	GlobalSection(NestedProjects) = preSolution
		{D98B6757-B2FF-4A38-95EB-49CFBB1D08F0} = {B6EFB900-EDB8-4507-8401-52EB8287677A}
		{9ED76AC4-7528-4631-8C3B-0008B0B92BA9} = {B6EFB900-EDB8-4507-8401-52EB8287677A}
		{1C28F71A-639C-48DC-93FF-D5D69B3CA01C} = {B6EFB900-EDB8-4507-8401-52EB8287677A}
		{E68E1949-956B-41A7-A6A9-81E225895F61} = {B6EFB900-EDB8-4507-8401-52EB8287677A}
		{444932BE-0579-4FA8-A955-485283998FE3} = {B6EFB900-EDB8-4507-8401-52EB8287677A}
	EndGlobalSection
	GlobalSection(ExtensibilityGlobals) = postSolution
		SolutionGuid = {5289E703-2FE4-47FB-9E56-431CE9FCA12D}
	EndGlobalSection
EndGlobal
